
Microsoft Visual Studio Solution File, Format Version 12.00
# Visual Studio Version 16
VisualStudioVersion = 16.0.29326.143
MinimumVisualStudioVersion = 10.0.40219.1
Project("{FAE04EC0-301F-11D3-BF4B-00C04F79EFBC}") = "Lab 5", "Lab 5\Lab 5.csproj", "{2DC9D45B-F032-4731-A582-73D7C4EE2922}"
EndProject
Project("{FAE04EC0-301F-11D3-BF4B-00C04F79EFBC}") = "Lab 6", "Lab 6\Lab 6.csproj", "{8B676794-0F0C-40F0-A679-2767DE8BDB8D}"
EndProject
Project("{FAE04EC0-301F-11D3-BF4B-00C04F79EFBC}") = "Lab 7", "Lab 7\Lab 7.csproj", "{4762EDF2-166B-4E6E-84C4-0AB4E5CED563}"
EndProject
Project("{FAE04EC0-301F-11D3-BF4B-00C04F79EFBC}") = "Lab 8", "Lab 8\Lab 8.csproj", "{4D1F821F-7946-41CE-BAD7-A5CA0FDFBD72}"
EndProject
Project("{FAE04EC0-301F-11D3-BF4B-00C04F79EFBC}") = "Lab 9", "Lab 9\Lab 9.csproj", "{751B23E9-CD7E-4E2D-AAE9-B9C8D24EE966}"
EndProject
Project("{FAE04EC0-301F-11D3-BF4B-00C04F79EFBC}") = "Lab 10", "Lab 10\Lab 10.csproj", "{18064914-E3BD-4938-8000-BBED673AFBBC}"
EndProject
Project("{FAE04EC0-301F-11D3-BF4B-00C04F79EFBC}") = "Lab 11", "Lab 11\Lab 11.csproj", "{D13DDD82-84C4-426F-83F5-A71328022D91}"
EndProject
Project("{FAE04EC0-301F-11D3-BF4B-00C04F79EFBC}") = "ConsoleApp1", "ConsoleApp1\ConsoleApp1.csproj", "{776EBB3F-7F8A-410B-B964-78E5147FBE6E}"
EndProject
Project("{FAE04EC0-301F-11D3-BF4B-00C04F79EFBC}") = "Lab 12", "Lab 12\Lab 12.csproj", "{ED42A7DA-ECA9-4646-9B1F-3BAAC3E7D78D}"
EndProject
Project("{FAE04EC0-301F-11D3-BF4B-00C04F79EFBC}") = "Lab_math", "Lab_math\Lab_math.csproj", "{CFA188EA-1DF2-402E-9695-6088E99B02AD}"
EndProject
Project("{FAE04EC0-301F-11D3-BF4B-00C04F79EFBC}") = "Курсовая", "Курсовая\Курсовая.csproj", "{4D463334-FCF2-4AA5-83CB-664426CAAAC8}"
EndProject
Global
	GlobalSection(SolutionConfigurationPlatforms) = preSolution
		Debug|Any CPU = Debug|Any CPU
		Debug|x64 = Debug|x64
		Release|Any CPU = Release|Any CPU
		Release|x64 = Release|x64
	EndGlobalSection
	GlobalSection(ProjectConfigurationPlatforms) = postSolution
		{2DC9D45B-F032-4731-A582-73D7C4EE2922}.Debug|Any CPU.ActiveCfg = Debug|Any CPU
		{2DC9D45B-F032-4731-A582-73D7C4EE2922}.Debug|Any CPU.Build.0 = Debug|Any CPU
		{2DC9D45B-F032-4731-A582-73D7C4EE2922}.Debug|x64.ActiveCfg = Debug|Any CPU
		{2DC9D45B-F032-4731-A582-73D7C4EE2922}.Debug|x64.Build.0 = Debug|Any CPU
		{2DC9D45B-F032-4731-A582-73D7C4EE2922}.Release|Any CPU.ActiveCfg = Release|Any CPU
		{2DC9D45B-F032-4731-A582-73D7C4EE2922}.Release|Any CPU.Build.0 = Release|Any CPU
		{2DC9D45B-F032-4731-A582-73D7C4EE2922}.Release|x64.ActiveCfg = Release|Any CPU
		{2DC9D45B-F032-4731-A582-73D7C4EE2922}.Release|x64.Build.0 = Release|Any CPU
		{8B676794-0F0C-40F0-A679-2767DE8BDB8D}.Debug|Any CPU.ActiveCfg = Debug|Any CPU
		{8B676794-0F0C-40F0-A679-2767DE8BDB8D}.Debug|Any CPU.Build.0 = Debug|Any CPU
		{8B676794-0F0C-40F0-A679-2767DE8BDB8D}.Debug|x64.ActiveCfg = Debug|Any CPU
		{8B676794-0F0C-40F0-A679-2767DE8BDB8D}.Debug|x64.Build.0 = Debug|Any CPU
		{8B676794-0F0C-40F0-A679-2767DE8BDB8D}.Release|Any CPU.ActiveCfg = Release|Any CPU
		{8B676794-0F0C-40F0-A679-2767DE8BDB8D}.Release|Any CPU.Build.0 = Release|Any CPU
		{8B676794-0F0C-40F0-A679-2767DE8BDB8D}.Release|x64.ActiveCfg = Release|Any CPU
		{8B676794-0F0C-40F0-A679-2767DE8BDB8D}.Release|x64.Build.0 = Release|Any CPU
		{4762EDF2-166B-4E6E-84C4-0AB4E5CED563}.Debug|Any CPU.ActiveCfg = Debug|Any CPU
		{4762EDF2-166B-4E6E-84C4-0AB4E5CED563}.Debug|Any CPU.Build.0 = Debug|Any CPU
		{4762EDF2-166B-4E6E-84C4-0AB4E5CED563}.Debug|x64.ActiveCfg = Debug|Any CPU
		{4762EDF2-166B-4E6E-84C4-0AB4E5CED563}.Debug|x64.Build.0 = Debug|Any CPU
		{4762EDF2-166B-4E6E-84C4-0AB4E5CED563}.Release|Any CPU.ActiveCfg = Release|Any CPU
		{4762EDF2-166B-4E6E-84C4-0AB4E5CED563}.Release|Any CPU.Build.0 = Release|Any CPU
		{4762EDF2-166B-4E6E-84C4-0AB4E5CED563}.Release|x64.ActiveCfg = Release|Any CPU
		{4762EDF2-166B-4E6E-84C4-0AB4E5CED563}.Release|x64.Build.0 = Release|Any CPU
		{4D1F821F-7946-41CE-BAD7-A5CA0FDFBD72}.Debug|Any CPU.ActiveCfg = Debug|Any CPU
		{4D1F821F-7946-41CE-BAD7-A5CA0FDFBD72}.Debug|Any CPU.Build.0 = Debug|Any CPU
		{4D1F821F-7946-41CE-BAD7-A5CA0FDFBD72}.Debug|x64.ActiveCfg = Debug|Any CPU
		{4D1F821F-7946-41CE-BAD7-A5CA0FDFBD72}.Debug|x64.Build.0 = Debug|Any CPU
		{4D1F821F-7946-41CE-BAD7-A5CA0FDFBD72}.Release|Any CPU.ActiveCfg = Release|Any CPU
		{4D1F821F-7946-41CE-BAD7-A5CA0FDFBD72}.Release|Any CPU.Build.0 = Release|Any CPU
		{4D1F821F-7946-41CE-BAD7-A5CA0FDFBD72}.Release|x64.ActiveCfg = Release|Any CPU
		{4D1F821F-7946-41CE-BAD7-A5CA0FDFBD72}.Release|x64.Build.0 = Release|Any CPU
		{751B23E9-CD7E-4E2D-AAE9-B9C8D24EE966}.Debug|Any CPU.ActiveCfg = Debug|Any CPU
		{751B23E9-CD7E-4E2D-AAE9-B9C8D24EE966}.Debug|Any CPU.Build.0 = Debug|Any CPU
		{751B23E9-CD7E-4E2D-AAE9-B9C8D24EE966}.Debug|x64.ActiveCfg = Debug|Any CPU
		{751B23E9-CD7E-4E2D-AAE9-B9C8D24EE966}.Debug|x64.Build.0 = Debug|Any CPU
		{751B23E9-CD7E-4E2D-AAE9-B9C8D24EE966}.Release|Any CPU.ActiveCfg = Release|Any CPU
		{751B23E9-CD7E-4E2D-AAE9-B9C8D24EE966}.Release|Any CPU.Build.0 = Release|Any CPU
		{751B23E9-CD7E-4E2D-AAE9-B9C8D24EE966}.Release|x64.ActiveCfg = Release|Any CPU
		{751B23E9-CD7E-4E2D-AAE9-B9C8D24EE966}.Release|x64.Build.0 = Release|Any CPU
		{18064914-E3BD-4938-8000-BBED673AFBBC}.Debug|Any CPU.ActiveCfg = Debug|Any CPU
		{18064914-E3BD-4938-8000-BBED673AFBBC}.Debug|Any CPU.Build.0 = Debug|Any CPU
		{18064914-E3BD-4938-8000-BBED673AFBBC}.Debug|x64.ActiveCfg = Debug|Any CPU
		{18064914-E3BD-4938-8000-BBED673AFBBC}.Debug|x64.Build.0 = Debug|Any CPU
		{18064914-E3BD-4938-8000-BBED673AFBBC}.Release|Any CPU.ActiveCfg = Release|Any CPU
		{18064914-E3BD-4938-8000-BBED673AFBBC}.Release|Any CPU.Build.0 = Release|Any CPU
		{18064914-E3BD-4938-8000-BBED673AFBBC}.Release|x64.ActiveCfg = Release|Any CPU
		{18064914-E3BD-4938-8000-BBED673AFBBC}.Release|x64.Build.0 = Release|Any CPU
		{D13DDD82-84C4-426F-83F5-A71328022D91}.Debug|Any CPU.ActiveCfg = Debug|Any CPU
		{D13DDD82-84C4-426F-83F5-A71328022D91}.Debug|Any CPU.Build.0 = Debug|Any CPU
		{D13DDD82-84C4-426F-83F5-A71328022D91}.Debug|x64.ActiveCfg = Debug|Any CPU
		{D13DDD82-84C4-426F-83F5-A71328022D91}.Debug|x64.Build.0 = Debug|Any CPU
		{D13DDD82-84C4-426F-83F5-A71328022D91}.Release|Any CPU.ActiveCfg = Release|Any CPU
		{D13DDD82-84C4-426F-83F5-A71328022D91}.Release|Any CPU.Build.0 = Release|Any CPU
		{D13DDD82-84C4-426F-83F5-A71328022D91}.Release|x64.ActiveCfg = Release|Any CPU
		{D13DDD82-84C4-426F-83F5-A71328022D91}.Release|x64.Build.0 = Release|Any CPU
		{776EBB3F-7F8A-410B-B964-78E5147FBE6E}.Debug|Any CPU.ActiveCfg = Debug|Any CPU
		{776EBB3F-7F8A-410B-B964-78E5147FBE6E}.Debug|Any CPU.Build.0 = Debug|Any CPU
		{776EBB3F-7F8A-410B-B964-78E5147FBE6E}.Debug|x64.ActiveCfg = Debug|Any CPU
		{776EBB3F-7F8A-410B-B964-78E5147FBE6E}.Debug|x64.Build.0 = Debug|Any CPU
		{776EBB3F-7F8A-410B-B964-78E5147FBE6E}.Release|Any CPU.ActiveCfg = Release|Any CPU
		{776EBB3F-7F8A-410B-B964-78E5147FBE6E}.Release|Any CPU.Build.0 = Release|Any CPU
		{776EBB3F-7F8A-410B-B964-78E5147FBE6E}.Release|x64.ActiveCfg = Release|Any CPU
		{776EBB3F-7F8A-410B-B964-78E5147FBE6E}.Release|x64.Build.0 = Release|Any CPU
		{ED42A7DA-ECA9-4646-9B1F-3BAAC3E7D78D}.Debug|Any CPU.ActiveCfg = Debug|Any CPU
		{ED42A7DA-ECA9-4646-9B1F-3BAAC3E7D78D}.Debug|Any CPU.Build.0 = Debug|Any CPU
		{ED42A7DA-ECA9-4646-9B1F-3BAAC3E7D78D}.Debug|x64.ActiveCfg = Debug|Any CPU
		{ED42A7DA-ECA9-4646-9B1F-3BAAC3E7D78D}.Debug|x64.Build.0 = Debug|Any CPU
		{ED42A7DA-ECA9-4646-9B1F-3BAAC3E7D78D}.Release|Any CPU.ActiveCfg = Release|Any CPU
		{ED42A7DA-ECA9-4646-9B1F-3BAAC3E7D78D}.Release|Any CPU.Build.0 = Release|Any CPU
		{ED42A7DA-ECA9-4646-9B1F-3BAAC3E7D78D}.Release|x64.ActiveCfg = Release|Any CPU
		{ED42A7DA-ECA9-4646-9B1F-3BAAC3E7D78D}.Release|x64.Build.0 = Release|Any CPU
		{CFA188EA-1DF2-402E-9695-6088E99B02AD}.Debug|Any CPU.ActiveCfg = Debug|Any CPU
		{CFA188EA-1DF2-402E-9695-6088E99B02AD}.Debug|Any CPU.Build.0 = Debug|Any CPU
		{CFA188EA-1DF2-402E-9695-6088E99B02AD}.Debug|x64.ActiveCfg = Debug|x64
		{CFA188EA-1DF2-402E-9695-6088E99B02AD}.Debug|x64.Build.0 = Debug|x64
		{CFA188EA-1DF2-402E-9695-6088E99B02AD}.Release|Any CPU.ActiveCfg = Release|Any CPU
		{CFA188EA-1DF2-402E-9695-6088E99B02AD}.Release|Any CPU.Build.0 = Release|Any CPU
		{CFA188EA-1DF2-402E-9695-6088E99B02AD}.Release|x64.ActiveCfg = Release|x64
		{CFA188EA-1DF2-402E-9695-6088E99B02AD}.Release|x64.Build.0 = Release|x64
		{4D463334-FCF2-4AA5-83CB-664426CAAAC8}.Debug|Any CPU.ActiveCfg = Debug|Any CPU
		{4D463334-FCF2-4AA5-83CB-664426CAAAC8}.Debug|Any CPU.Build.0 = Debug|Any CPU
		{4D463334-FCF2-4AA5-83CB-664426CAAAC8}.Debug|x64.ActiveCfg = Debug|Any CPU
		{4D463334-FCF2-4AA5-83CB-664426CAAAC8}.Debug|x64.Build.0 = Debug|Any CPU
		{4D463334-FCF2-4AA5-83CB-664426CAAAC8}.Release|Any CPU.ActiveCfg = Release|Any CPU
		{4D463334-FCF2-4AA5-83CB-664426CAAAC8}.Release|Any CPU.Build.0 = Release|Any CPU
		{4D463334-FCF2-4AA5-83CB-664426CAAAC8}.Release|x64.ActiveCfg = Release|Any CPU
		{4D463334-FCF2-4AA5-83CB-664426CAAAC8}.Release|x64.Build.0 = Release|Any CPU
	EndGlobalSection
	GlobalSection(SolutionProperties) = preSolution
		HideSolutionNode = FALSE
	EndGlobalSection
	GlobalSection(ExtensibilityGlobals) = postSolution
		SolutionGuid = {027EC7DE-F27D-40AD-9F28-DA54075635A1}
	EndGlobalSection
EndGlobal
