
Microsoft Visual Studio Solution File, Format Version 12.00
# Visual Studio Version 16
VisualStudioVersion = 16.0.29326.143
MinimumVisualStudioVersion = 10.0.40219.1
Project("{FAE04EC0-301F-11D3-BF4B-00C04F79EFBC}") = "Lab 5", "Lab 5\Lab 5.csproj", "{2DC9D45B-F032-4731-A582-73D7C4EE2922}"
EndProject
Project("{FAE04EC0-301F-11D3-BF4B-00C04F79EFBC}") = "Lab 6", "Lab 6\Lab 6.csproj", "{8B676794-0F0C-40F0-A679-2767DE8BDB8D}"
EndProject
Project("{FAE04EC0-301F-11D3-BF4B-00C04F79EFBC}") = "Lab 7", "Lab 7\Lab 7.csproj", "{234BB689-17E2-4FEB-A755-DC6E5D095C8C}"
EndProject
Global
	GlobalSection(SolutionConfigurationPlatforms) = preSolution
		Debug|Any CPU = Debug|Any CPU
		Release|Any CPU = Release|Any CPU
	EndGlobalSection
	GlobalSection(ProjectConfigurationPlatforms) = postSolution
		{2DC9D45B-F032-4731-A582-73D7C4EE2922}.Debug|Any CPU.ActiveCfg = Debug|Any CPU
		{2DC9D45B-F032-4731-A582-73D7C4EE2922}.Debug|Any CPU.Build.0 = Debug|Any CPU
		{2DC9D45B-F032-4731-A582-73D7C4EE2922}.Release|Any CPU.ActiveCfg = Release|Any CPU
		{2DC9D45B-F032-4731-A582-73D7C4EE2922}.Release|Any CPU.Build.0 = Release|Any CPU
		{8B676794-0F0C-40F0-A679-2767DE8BDB8D}.Debug|Any CPU.ActiveCfg = Debug|Any CPU
		{8B676794-0F0C-40F0-A679-2767DE8BDB8D}.Debug|Any CPU.Build.0 = Debug|Any CPU
		{8B676794-0F0C-40F0-A679-2767DE8BDB8D}.Release|Any CPU.ActiveCfg = Release|Any CPU
		{8B676794-0F0C-40F0-A679-2767DE8BDB8D}.Release|Any CPU.Build.0 = Release|Any CPU
		{234BB689-17E2-4FEB-A755-DC6E5D095C8C}.Debug|Any CPU.ActiveCfg = Debug|Any CPU
		{234BB689-17E2-4FEB-A755-DC6E5D095C8C}.Debug|Any CPU.Build.0 = Debug|Any CPU
		{234BB689-17E2-4FEB-A755-DC6E5D095C8C}.Release|Any CPU.ActiveCfg = Release|Any CPU
		{234BB689-17E2-4FEB-A755-DC6E5D095C8C}.Release|Any CPU.Build.0 = Release|Any CPU
	EndGlobalSection
	GlobalSection(SolutionProperties) = preSolution
		HideSolutionNode = FALSE
	EndGlobalSection
	GlobalSection(ExtensibilityGlobals) = postSolution
		SolutionGuid = {027EC7DE-F27D-40AD-9F28-DA54075635A1}
	EndGlobalSection
EndGlobal
